
Microsoft Visual Studio Solution File, Format Version 12.00
# Visual Studio 2013
VisualStudioVersion = 12.0.30723.0
MinimumVisualStudioVersion = 10.0.40219.1
Project("{FAE04EC0-301F-11D3-BF4B-00C04F79EFBC}") = "Gallery.WebAPI", "Gallery.WebAPI\Gallery.WebAPI.csproj", "{6D68A178-7AFF-49F8-96C8-429C4040CE20}"
EndProject
Project("{FAE04EC0-301F-11D3-BF4B-00C04F79EFBC}") = "Gallety.Entities", "Gallety.Entities\Gallety.Entities.csproj", "{4B3CADFC-1672-4DCA-A05F-C20EC1AC0EC8}"
EndProject
Project("{FAE04EC0-301F-11D3-BF4B-00C04F79EFBC}") = "Gallery.Data", "Gallery.Data\Gallery.Data.csproj", "{2248BD43-19A0-4936-9A99-200447374F8D}"
EndProject
Project("{FAE04EC0-301F-11D3-BF4B-00C04F79EFBC}") = "Gallery.Services", "Gallery.Services\Gallery.Services.csproj", "{2B7CE62D-E5D2-41E2-9D12-AFA33ECDC570}"
EndProject
Project("{FAE04EC0-301F-11D3-BF4B-00C04F79EFBC}") = "Gallery.WebUI", "Gallery.WebUI\Gallery.WebUI.csproj", "{AA5391C7-BD8B-4932-9969-CF9C55B1A28C}"
EndProject
Global
	GlobalSection(SolutionConfigurationPlatforms) = preSolution
		Debug|Any CPU = Debug|Any CPU
		Release|Any CPU = Release|Any CPU
	EndGlobalSection
	GlobalSection(ProjectConfigurationPlatforms) = postSolution
		{6D68A178-7AFF-49F8-96C8-429C4040CE20}.Debug|Any CPU.ActiveCfg = Debug|Any CPU
		{6D68A178-7AFF-49F8-96C8-429C4040CE20}.Debug|Any CPU.Build.0 = Debug|Any CPU
		{6D68A178-7AFF-49F8-96C8-429C4040CE20}.Release|Any CPU.ActiveCfg = Release|Any CPU
		{6D68A178-7AFF-49F8-96C8-429C4040CE20}.Release|Any CPU.Build.0 = Release|Any CPU
		{4B3CADFC-1672-4DCA-A05F-C20EC1AC0EC8}.Debug|Any CPU.ActiveCfg = Debug|Any CPU
		{4B3CADFC-1672-4DCA-A05F-C20EC1AC0EC8}.Debug|Any CPU.Build.0 = Debug|Any CPU
		{4B3CADFC-1672-4DCA-A05F-C20EC1AC0EC8}.Release|Any CPU.ActiveCfg = Release|Any CPU
		{4B3CADFC-1672-4DCA-A05F-C20EC1AC0EC8}.Release|Any CPU.Build.0 = Release|Any CPU
		{2248BD43-19A0-4936-9A99-200447374F8D}.Debug|Any CPU.ActiveCfg = Debug|Any CPU
		{2248BD43-19A0-4936-9A99-200447374F8D}.Debug|Any CPU.Build.0 = Debug|Any CPU
		{2248BD43-19A0-4936-9A99-200447374F8D}.Release|Any CPU.ActiveCfg = Release|Any CPU
		{2248BD43-19A0-4936-9A99-200447374F8D}.Release|Any CPU.Build.0 = Release|Any CPU
		{2B7CE62D-E5D2-41E2-9D12-AFA33ECDC570}.Debug|Any CPU.ActiveCfg = Debug|Any CPU
		{2B7CE62D-E5D2-41E2-9D12-AFA33ECDC570}.Debug|Any CPU.Build.0 = Debug|Any CPU
		{2B7CE62D-E5D2-41E2-9D12-AFA33ECDC570}.Release|Any CPU.ActiveCfg = Release|Any CPU
		{2B7CE62D-E5D2-41E2-9D12-AFA33ECDC570}.Release|Any CPU.Build.0 = Release|Any CPU
		{AA5391C7-BD8B-4932-9969-CF9C55B1A28C}.Debug|Any CPU.ActiveCfg = Debug|Any CPU
		{AA5391C7-BD8B-4932-9969-CF9C55B1A28C}.Debug|Any CPU.Build.0 = Debug|Any CPU
		{AA5391C7-BD8B-4932-9969-CF9C55B1A28C}.Release|Any CPU.ActiveCfg = Release|Any CPU
		{AA5391C7-BD8B-4932-9969-CF9C55B1A28C}.Release|Any CPU.Build.0 = Release|Any CPU
	EndGlobalSection
	GlobalSection(SolutionProperties) = preSolution
		HideSolutionNode = FALSE
	EndGlobalSection
EndGlobal
